
Microsoft Visual Studio Solution File, Format Version 12.00
# Visual Studio 15
VisualStudioVersion = 15.0.26403.7
MinimumVisualStudioVersion = 10.0.40219.1
Project("{FAE04EC0-301F-11D3-BF4B-00C04F79EFBC}") = "FizzBuzz", "FizzBuzz\FizzBuzz.csproj", "{06CECC6B-7C00-48C4-ADEE-1823948D1262}"
EndProject
Project("{FAE04EC0-301F-11D3-BF4B-00C04F79EFBC}") = "FizzBuzzLibrary", "FizzBuzzLibrary\FizzBuzzLibrary.csproj", "{6788298A-CCD8-40A7-87FB-AD389FDA6D21}"
EndProject
Project("{FAE04EC0-301F-11D3-BF4B-00C04F79EFBC}") = "FizzBuzzTests", "FizzBuzzTests\FizzBuzzTests.csproj", "{FAB88BEE-5DDA-44B6-978C-233514C11E63}"
EndProject
Global
	GlobalSection(SolutionConfigurationPlatforms) = preSolution
		Debug|Any CPU = Debug|Any CPU
		Release|Any CPU = Release|Any CPU
	EndGlobalSection
	GlobalSection(ProjectConfigurationPlatforms) = postSolution
		{06CECC6B-7C00-48C4-ADEE-1823948D1262}.Debug|Any CPU.ActiveCfg = Debug|Any CPU
		{06CECC6B-7C00-48C4-ADEE-1823948D1262}.Debug|Any CPU.Build.0 = Debug|Any CPU
		{06CECC6B-7C00-48C4-ADEE-1823948D1262}.Release|Any CPU.ActiveCfg = Release|Any CPU
		{06CECC6B-7C00-48C4-ADEE-1823948D1262}.Release|Any CPU.Build.0 = Release|Any CPU
		{6788298A-CCD8-40A7-87FB-AD389FDA6D21}.Debug|Any CPU.ActiveCfg = Debug|Any CPU
		{6788298A-CCD8-40A7-87FB-AD389FDA6D21}.Debug|Any CPU.Build.0 = Debug|Any CPU
		{6788298A-CCD8-40A7-87FB-AD389FDA6D21}.Release|Any CPU.ActiveCfg = Release|Any CPU
		{6788298A-CCD8-40A7-87FB-AD389FDA6D21}.Release|Any CPU.Build.0 = Release|Any CPU
		{FAB88BEE-5DDA-44B6-978C-233514C11E63}.Debug|Any CPU.ActiveCfg = Debug|Any CPU
		{FAB88BEE-5DDA-44B6-978C-233514C11E63}.Debug|Any CPU.Build.0 = Debug|Any CPU
		{FAB88BEE-5DDA-44B6-978C-233514C11E63}.Release|Any CPU.ActiveCfg = Release|Any CPU
		{FAB88BEE-5DDA-44B6-978C-233514C11E63}.Release|Any CPU.Build.0 = Release|Any CPU
	EndGlobalSection
	GlobalSection(SolutionProperties) = preSolution
		HideSolutionNode = FALSE
	EndGlobalSection
EndGlobal
